
Microsoft Visual Studio Solution File, Format Version 12.00
# Visual Studio Version 17
VisualStudioVersion = 17.0.31919.166
MinimumVisualStudioVersion = 10.0.40219.1
Project("{9A19103F-16F7-4668-BE54-9A1E7A4F7556}") = "ControllerService", "ControllerService\ControllerService.csproj", "{6B7B570E-8C8B-4189-9C98-B3BBFE630615}"
EndProject
Project("{9A19103F-16F7-4668-BE54-9A1E7A4F7556}") = "ControllerHelper", "ControllerHelper\ControllerHelper.csproj", "{3BB6F372-E910-4A27-810B-64152F163709}"
EndProject
Project("{9A19103F-16F7-4668-BE54-9A1E7A4F7556}") = "ControllerCommon", "ControllerCommon\ControllerCommon.csproj", "{D1B95ACA-77CF-4332-A1DC-AF4A6DA54FC2}"
EndProject
Project("{2150E333-8FDC-42A3-9474-1A3956D46DE8}") = "Solution Items", "Solution Items", "{4A4F8C55-09C7-4B4C-9752-E2E05AF25E30}"
	ProjectSection(SolutionItems) = preProject
		.editorconfig = .editorconfig
	EndProjectSection
EndProject
Project("{FAE04EC0-301F-11D3-BF4B-00C04F79EFBC}") = "ControllerHelperWPF", "ControllerHelperWPF\ControllerHelperWPF.csproj", "{AD4B9060-93FE-4FD2-B64D-4D31EABC7C4D}"
	ProjectSection(ProjectDependencies) = postProject
		{D1B95ACA-77CF-4332-A1DC-AF4A6DA54FC2} = {D1B95ACA-77CF-4332-A1DC-AF4A6DA54FC2}
	EndProjectSection
EndProject
Global
	GlobalSection(SolutionConfigurationPlatforms) = preSolution
		Debug|Any CPU = Debug|Any CPU
		Release|Any CPU = Release|Any CPU
	EndGlobalSection
	GlobalSection(ProjectConfigurationPlatforms) = postSolution
		{6B7B570E-8C8B-4189-9C98-B3BBFE630615}.Debug|Any CPU.ActiveCfg = Debug|Any CPU
		{6B7B570E-8C8B-4189-9C98-B3BBFE630615}.Debug|Any CPU.Build.0 = Debug|Any CPU
		{6B7B570E-8C8B-4189-9C98-B3BBFE630615}.Release|Any CPU.ActiveCfg = Release|Any CPU
		{6B7B570E-8C8B-4189-9C98-B3BBFE630615}.Release|Any CPU.Build.0 = Release|Any CPU
		{3BB6F372-E910-4A27-810B-64152F163709}.Debug|Any CPU.ActiveCfg = Debug|Any CPU
		{3BB6F372-E910-4A27-810B-64152F163709}.Debug|Any CPU.Build.0 = Debug|Any CPU
		{3BB6F372-E910-4A27-810B-64152F163709}.Release|Any CPU.ActiveCfg = Release|Any CPU
		{3BB6F372-E910-4A27-810B-64152F163709}.Release|Any CPU.Build.0 = Release|Any CPU
		{D1B95ACA-77CF-4332-A1DC-AF4A6DA54FC2}.Debug|Any CPU.ActiveCfg = Debug|Any CPU
		{D1B95ACA-77CF-4332-A1DC-AF4A6DA54FC2}.Debug|Any CPU.Build.0 = Debug|Any CPU
		{D1B95ACA-77CF-4332-A1DC-AF4A6DA54FC2}.Release|Any CPU.ActiveCfg = Release|Any CPU
		{D1B95ACA-77CF-4332-A1DC-AF4A6DA54FC2}.Release|Any CPU.Build.0 = Release|Any CPU
		{AD4B9060-93FE-4FD2-B64D-4D31EABC7C4D}.Debug|Any CPU.ActiveCfg = Debug|Any CPU
		{AD4B9060-93FE-4FD2-B64D-4D31EABC7C4D}.Debug|Any CPU.Build.0 = Debug|Any CPU
		{AD4B9060-93FE-4FD2-B64D-4D31EABC7C4D}.Release|Any CPU.ActiveCfg = Release|Any CPU
		{AD4B9060-93FE-4FD2-B64D-4D31EABC7C4D}.Release|Any CPU.Build.0 = Release|Any CPU
	EndGlobalSection
	GlobalSection(SolutionProperties) = preSolution
		HideSolutionNode = FALSE
	EndGlobalSection
	GlobalSection(ExtensibilityGlobals) = postSolution
		SolutionGuid = {AD9A944E-70E1-4512-9F51-8786F866BACA}
	EndGlobalSection
EndGlobal
