
Microsoft Visual Studio Solution File, Format Version 12.00
# Visual Studio Version 16
VisualStudioVersion = 16.0.31702.278
MinimumVisualStudioVersion = 10.0.40219.1
Project("{9A19103F-16F7-4668-BE54-9A1E7A4F7556}") = "ControllerService", "ControllerService\ControllerService.csproj", "{6B7B570E-8C8B-4189-9C98-B3BBFE630615}"
	ProjectSection(ProjectDependencies) = postProject
		{D1B95ACA-77CF-4332-A1DC-AF4A6DA54FC2} = {D1B95ACA-77CF-4332-A1DC-AF4A6DA54FC2}
	EndProjectSection
EndProject
Project("{9A19103F-16F7-4668-BE54-9A1E7A4F7556}") = "ControllerHelper", "ControllerHelper\ControllerHelper.csproj", "{3BB6F372-E910-4A27-810B-64152F163709}"
EndProject
Project("{FAE04EC0-301F-11D3-BF4B-00C04F79EFBC}") = "ControllerCommon", "ControllerCommon\ControllerCommon.csproj", "{D1B95ACA-77CF-4332-A1DC-AF4A6DA54FC2}"
EndProject
Global
	GlobalSection(SolutionConfigurationPlatforms) = preSolution
		Debug|Any CPU = Debug|Any CPU
		Release|Any CPU = Release|Any CPU
	EndGlobalSection
	GlobalSection(ProjectConfigurationPlatforms) = postSolution
		{6B7B570E-8C8B-4189-9C98-B3BBFE630615}.Debug|Any CPU.ActiveCfg = Debug|Any CPU
		{6B7B570E-8C8B-4189-9C98-B3BBFE630615}.Debug|Any CPU.Build.0 = Debug|Any CPU
		{6B7B570E-8C8B-4189-9C98-B3BBFE630615}.Release|Any CPU.ActiveCfg = Release|Any CPU
		{6B7B570E-8C8B-4189-9C98-B3BBFE630615}.Release|Any CPU.Build.0 = Release|Any CPU
		{3BB6F372-E910-4A27-810B-64152F163709}.Debug|Any CPU.ActiveCfg = Debug|Any CPU
		{3BB6F372-E910-4A27-810B-64152F163709}.Debug|Any CPU.Build.0 = Debug|Any CPU
		{3BB6F372-E910-4A27-810B-64152F163709}.Release|Any CPU.ActiveCfg = Release|Any CPU
		{3BB6F372-E910-4A27-810B-64152F163709}.Release|Any CPU.Build.0 = Release|Any CPU
		{D1B95ACA-77CF-4332-A1DC-AF4A6DA54FC2}.Debug|Any CPU.ActiveCfg = Debug|Any CPU
		{D1B95ACA-77CF-4332-A1DC-AF4A6DA54FC2}.Debug|Any CPU.Build.0 = Debug|Any CPU
		{D1B95ACA-77CF-4332-A1DC-AF4A6DA54FC2}.Release|Any CPU.ActiveCfg = Release|Any CPU
		{D1B95ACA-77CF-4332-A1DC-AF4A6DA54FC2}.Release|Any CPU.Build.0 = Release|Any CPU
	EndGlobalSection
	GlobalSection(SolutionProperties) = preSolution
		HideSolutionNode = FALSE
	EndGlobalSection
	GlobalSection(ExtensibilityGlobals) = postSolution
		SolutionGuid = {AD9A944E-70E1-4512-9F51-8786F866BACA}
	EndGlobalSection
EndGlobal
